
Microsoft Visual Studio Solution File, Format Version 12.00
# Visual Studio Version 17
VisualStudioVersion = 17.13.35931.197 d17.13
MinimumVisualStudioVersion = 10.0.40219.1
Project("{FAE04EC0-301F-11D3-BF4B-00C04F79EFBC}") = "ConsoleTest", "ConsoleTest\ConsoleTest.csproj", "{EE9C1B93-789A-4656-95EA-F0C07404EF70}"
EndProject
Global
	GlobalSection(SolutionConfigurationPlatforms) = preSolution
		Debug|Any CPU = Debug|Any CPU
		Release|Any CPU = Release|Any CPU
	EndGlobalSection
	GlobalSection(ProjectConfigurationPlatforms) = postSolution
		{EE9C1B93-789A-4656-95EA-F0C07404EF70}.Debug|Any CPU.ActiveCfg = Debug|Any CPU
		{EE9C1B93-789A-4656-95EA-F0C07404EF70}.Debug|Any CPU.Build.0 = Debug|Any CPU
		{EE9C1B93-789A-4656-95EA-F0C07404EF70}.Release|Any CPU.ActiveCfg = Release|Any CPU
		{EE9C1B93-789A-4656-95EA-F0C07404EF70}.Release|Any CPU.Build.0 = Release|Any CPU
	EndGlobalSection
	GlobalSection(SolutionProperties) = preSolution
		HideSolutionNode = FALSE
	EndGlobalSection
	GlobalSection(ExtensibilityGlobals) = postSolution
		SolutionGuid = {1111BA4D-638D-4C66-84D8-CABB3E31B689}
	EndGlobalSection
EndGlobal
